
Microsoft Visual Studio Solution File, Format Version 12.00
# Visual Studio Version 17
VisualStudioVersion = 17.9.34728.123
MinimumVisualStudioVersion = 10.0.40219.1
Project("{FAE04EC0-301F-11D3-BF4B-00C04F79EFBC}") = "Gun14_Methods", "Gun14_Methods\Gun14_Methods.csproj", "{92EBEAA6-AA54-49AA-9A9B-72894B35EF91}"
EndProject
Global
	GlobalSection(SolutionConfigurationPlatforms) = preSolution
		Debug|Any CPU = Debug|Any CPU
		Release|Any CPU = Release|Any CPU
	EndGlobalSection
	GlobalSection(ProjectConfigurationPlatforms) = postSolution
		{92EBEAA6-AA54-49AA-9A9B-72894B35EF91}.Debug|Any CPU.ActiveCfg = Debug|Any CPU
		{92EBEAA6-AA54-49AA-9A9B-72894B35EF91}.Debug|Any CPU.Build.0 = Debug|Any CPU
		{92EBEAA6-AA54-49AA-9A9B-72894B35EF91}.Release|Any CPU.ActiveCfg = Release|Any CPU
		{92EBEAA6-AA54-49AA-9A9B-72894B35EF91}.Release|Any CPU.Build.0 = Release|Any CPU
	EndGlobalSection
	GlobalSection(SolutionProperties) = preSolution
		HideSolutionNode = FALSE
	EndGlobalSection
	GlobalSection(ExtensibilityGlobals) = postSolution
		SolutionGuid = {523B5846-D1AA-4F83-A718-7354B0AD973F}
	EndGlobalSection
EndGlobal
