
Microsoft Visual Studio Solution File, Format Version 12.00
# Visual Studio Version 17
VisualStudioVersion = 17.9.34728.123
MinimumVisualStudioVersion = 10.0.40219.1
Project("{FAE04EC0-301F-11D3-BF4B-00C04F79EFBC}") = "Gun27_WinForm_Ornek", "Gun27_WinForm_Ornek\Gun27_WinForm_Ornek.csproj", "{94AAC677-252F-4DDE-A510-33C615707CD1}"
EndProject
Global
	GlobalSection(SolutionConfigurationPlatforms) = preSolution
		Debug|Any CPU = Debug|Any CPU
		Release|Any CPU = Release|Any CPU
	EndGlobalSection
	GlobalSection(ProjectConfigurationPlatforms) = postSolution
		{94AAC677-252F-4DDE-A510-33C615707CD1}.Debug|Any CPU.ActiveCfg = Debug|Any CPU
		{94AAC677-252F-4DDE-A510-33C615707CD1}.Debug|Any CPU.Build.0 = Debug|Any CPU
		{94AAC677-252F-4DDE-A510-33C615707CD1}.Release|Any CPU.ActiveCfg = Release|Any CPU
		{94AAC677-252F-4DDE-A510-33C615707CD1}.Release|Any CPU.Build.0 = Release|Any CPU
	EndGlobalSection
	GlobalSection(SolutionProperties) = preSolution
		HideSolutionNode = FALSE
	EndGlobalSection
	GlobalSection(ExtensibilityGlobals) = postSolution
		SolutionGuid = {DF0A15A9-3BDC-4100-A9AB-EF327B5AEDAA}
	EndGlobalSection
EndGlobal
