
Microsoft Visual Studio Solution File, Format Version 12.00
# Visual Studio Version 17
VisualStudioVersion = 17.4.33213.308
MinimumVisualStudioVersion = 10.0.40219.1
Project("{FAE04EC0-301F-11D3-BF4B-00C04F79EFBC}") = "Gun6_Tekrar_Iteration", "Gun6_Tekrar_Iteration\Gun6_Tekrar_Iteration.csproj", "{F9B88424-3C28-45E2-A983-72EFB7A45D16}"
EndProject
Global
	GlobalSection(SolutionConfigurationPlatforms) = preSolution
		Debug|Any CPU = Debug|Any CPU
		Release|Any CPU = Release|Any CPU
	EndGlobalSection
	GlobalSection(ProjectConfigurationPlatforms) = postSolution
		{F9B88424-3C28-45E2-A983-72EFB7A45D16}.Debug|Any CPU.ActiveCfg = Debug|Any CPU
		{F9B88424-3C28-45E2-A983-72EFB7A45D16}.Debug|Any CPU.Build.0 = Debug|Any CPU
		{F9B88424-3C28-45E2-A983-72EFB7A45D16}.Release|Any CPU.ActiveCfg = Release|Any CPU
		{F9B88424-3C28-45E2-A983-72EFB7A45D16}.Release|Any CPU.Build.0 = Release|Any CPU
	EndGlobalSection
	GlobalSection(SolutionProperties) = preSolution
		HideSolutionNode = FALSE
	EndGlobalSection
	GlobalSection(ExtensibilityGlobals) = postSolution
		SolutionGuid = {57132F60-D9E1-4E40-9180-C0032383E394}
	EndGlobalSection
EndGlobal
