
Microsoft Visual Studio Solution File, Format Version 12.00
# Visual Studio Version 17
VisualStudioVersion = 17.9.34728.123
MinimumVisualStudioVersion = 10.0.40219.1
Project("{FAE04EC0-301F-11D3-BF4B-00C04F79EFBC}") = "Gun26_Api_Ornek", "Gun26_Api_Ornek\Gun26_Api_Ornek.csproj", "{01E034C3-C1EE-4FC9-817F-7C709BEEED7D}"
EndProject
Global
	GlobalSection(SolutionConfigurationPlatforms) = preSolution
		Debug|Any CPU = Debug|Any CPU
		Release|Any CPU = Release|Any CPU
	EndGlobalSection
	GlobalSection(ProjectConfigurationPlatforms) = postSolution
		{01E034C3-C1EE-4FC9-817F-7C709BEEED7D}.Debug|Any CPU.ActiveCfg = Debug|Any CPU
		{01E034C3-C1EE-4FC9-817F-7C709BEEED7D}.Debug|Any CPU.Build.0 = Debug|Any CPU
		{01E034C3-C1EE-4FC9-817F-7C709BEEED7D}.Release|Any CPU.ActiveCfg = Release|Any CPU
		{01E034C3-C1EE-4FC9-817F-7C709BEEED7D}.Release|Any CPU.Build.0 = Release|Any CPU
	EndGlobalSection
	GlobalSection(SolutionProperties) = preSolution
		HideSolutionNode = FALSE
	EndGlobalSection
	GlobalSection(ExtensibilityGlobals) = postSolution
		SolutionGuid = {D8D2D5EE-48C0-47B2-9C2B-D5DDE3C7AFCB}
	EndGlobalSection
EndGlobal
