
Microsoft Visual Studio Solution File, Format Version 12.00
# Visual Studio Version 17
VisualStudioVersion = 17.9.34728.123
MinimumVisualStudioVersion = 10.0.40219.1
Project("{FAE04EC0-301F-11D3-BF4B-00C04F79EFBC}") = "Gun20_DataAccess_Orne1", "Gun20_DataAccess_Orne1\Gun20_DataAccess_Orne1.csproj", "{EF57F0B7-7AB9-420C-ADCC-A1C0DB40E862}"
EndProject
Global
	GlobalSection(SolutionConfigurationPlatforms) = preSolution
		Debug|Any CPU = Debug|Any CPU
		Release|Any CPU = Release|Any CPU
	EndGlobalSection
	GlobalSection(ProjectConfigurationPlatforms) = postSolution
		{EF57F0B7-7AB9-420C-ADCC-A1C0DB40E862}.Debug|Any CPU.ActiveCfg = Debug|Any CPU
		{EF57F0B7-7AB9-420C-ADCC-A1C0DB40E862}.Debug|Any CPU.Build.0 = Debug|Any CPU
		{EF57F0B7-7AB9-420C-ADCC-A1C0DB40E862}.Release|Any CPU.ActiveCfg = Release|Any CPU
		{EF57F0B7-7AB9-420C-ADCC-A1C0DB40E862}.Release|Any CPU.Build.0 = Release|Any CPU
	EndGlobalSection
	GlobalSection(SolutionProperties) = preSolution
		HideSolutionNode = FALSE
	EndGlobalSection
	GlobalSection(ExtensibilityGlobals) = postSolution
		SolutionGuid = {DEB9DC3D-BDAE-4A8E-B5E9-E31D34BB72F7}
	EndGlobalSection
EndGlobal
