
Microsoft Visual Studio Solution File, Format Version 12.00
# Visual Studio Version 17
VisualStudioVersion = 17.9.34728.123
MinimumVisualStudioVersion = 10.0.40219.1
Project("{FAE04EC0-301F-11D3-BF4B-00C04F79EFBC}") = "Gun20_DataAccess_Ornek2", "Gun20_DataAccess_Ornek2\Gun20_DataAccess_Ornek2.csproj", "{0731FD84-A021-4434-940F-9B3975543EA0}"
EndProject
Global
	GlobalSection(SolutionConfigurationPlatforms) = preSolution
		Debug|Any CPU = Debug|Any CPU
		Release|Any CPU = Release|Any CPU
	EndGlobalSection
	GlobalSection(ProjectConfigurationPlatforms) = postSolution
		{0731FD84-A021-4434-940F-9B3975543EA0}.Debug|Any CPU.ActiveCfg = Debug|Any CPU
		{0731FD84-A021-4434-940F-9B3975543EA0}.Debug|Any CPU.Build.0 = Debug|Any CPU
		{0731FD84-A021-4434-940F-9B3975543EA0}.Release|Any CPU.ActiveCfg = Release|Any CPU
		{0731FD84-A021-4434-940F-9B3975543EA0}.Release|Any CPU.Build.0 = Release|Any CPU
	EndGlobalSection
	GlobalSection(SolutionProperties) = preSolution
		HideSolutionNode = FALSE
	EndGlobalSection
	GlobalSection(ExtensibilityGlobals) = postSolution
		SolutionGuid = {D82B6FDD-C3CA-4F43-910F-39899C7D1505}
	EndGlobalSection
EndGlobal
