
Microsoft Visual Studio Solution File, Format Version 12.00
# Visual Studio Version 17
VisualStudioVersion = 17.4.33213.308
MinimumVisualStudioVersion = 10.0.40219.1
Project("{FAE04EC0-301F-11D3-BF4B-00C04F79EFBC}") = "Gun4_Tekrar_NestedSelectStatement", "Gun4_Tekrar_NestedSelectStatement\Gun4_Tekrar_NestedSelectStatement.csproj", "{DEB68E6D-4FFC-4563-B2FC-0AF7962104AA}"
EndProject
Global
	GlobalSection(SolutionConfigurationPlatforms) = preSolution
		Debug|Any CPU = Debug|Any CPU
		Release|Any CPU = Release|Any CPU
	EndGlobalSection
	GlobalSection(ProjectConfigurationPlatforms) = postSolution
		{DEB68E6D-4FFC-4563-B2FC-0AF7962104AA}.Debug|Any CPU.ActiveCfg = Debug|Any CPU
		{DEB68E6D-4FFC-4563-B2FC-0AF7962104AA}.Debug|Any CPU.Build.0 = Debug|Any CPU
		{DEB68E6D-4FFC-4563-B2FC-0AF7962104AA}.Release|Any CPU.ActiveCfg = Release|Any CPU
		{DEB68E6D-4FFC-4563-B2FC-0AF7962104AA}.Release|Any CPU.Build.0 = Release|Any CPU
	EndGlobalSection
	GlobalSection(SolutionProperties) = preSolution
		HideSolutionNode = FALSE
	EndGlobalSection
	GlobalSection(ExtensibilityGlobals) = postSolution
		SolutionGuid = {14C6FD3D-FD72-4308-B5E1-35E28B7EE162}
	EndGlobalSection
EndGlobal
