
Microsoft Visual Studio Solution File, Format Version 12.00
# Visual Studio Version 17
VisualStudioVersion = 17.4.33213.308
MinimumVisualStudioVersion = 10.0.40219.1
Project("{FAE04EC0-301F-11D3-BF4B-00C04F79EFBC}") = "Gun6_Tekrar_IterationStatement3", "Gun6_Tekrar_IterationStatement3\Gun6_Tekrar_IterationStatement3.csproj", "{EC703D34-A1A3-4540-8AE4-815E8D622B64}"
EndProject
Global
	GlobalSection(SolutionConfigurationPlatforms) = preSolution
		Debug|Any CPU = Debug|Any CPU
		Release|Any CPU = Release|Any CPU
	EndGlobalSection
	GlobalSection(ProjectConfigurationPlatforms) = postSolution
		{EC703D34-A1A3-4540-8AE4-815E8D622B64}.Debug|Any CPU.ActiveCfg = Debug|Any CPU
		{EC703D34-A1A3-4540-8AE4-815E8D622B64}.Debug|Any CPU.Build.0 = Debug|Any CPU
		{EC703D34-A1A3-4540-8AE4-815E8D622B64}.Release|Any CPU.ActiveCfg = Release|Any CPU
		{EC703D34-A1A3-4540-8AE4-815E8D622B64}.Release|Any CPU.Build.0 = Release|Any CPU
	EndGlobalSection
	GlobalSection(SolutionProperties) = preSolution
		HideSolutionNode = FALSE
	EndGlobalSection
	GlobalSection(ExtensibilityGlobals) = postSolution
		SolutionGuid = {B6ECC353-1548-4FB3-87A3-1850E18AEDA7}
	EndGlobalSection
EndGlobal
