
Microsoft Visual Studio Solution File, Format Version 12.00
# Visual Studio Version 17
VisualStudioVersion = 17.4.33213.308
MinimumVisualStudioVersion = 10.0.40219.1
Project("{FAE04EC0-301F-11D3-BF4B-00C04F79EFBC}") = "Gun1_1_GenelTekrar", "Gun1_1_GenelTekrar\Gun1_1_GenelTekrar.csproj", "{B86B5529-E4D4-44EF-B7BD-AADB50A103CD}"
EndProject
Global
	GlobalSection(SolutionConfigurationPlatforms) = preSolution
		Debug|Any CPU = Debug|Any CPU
		Release|Any CPU = Release|Any CPU
	EndGlobalSection
	GlobalSection(ProjectConfigurationPlatforms) = postSolution
		{B86B5529-E4D4-44EF-B7BD-AADB50A103CD}.Debug|Any CPU.ActiveCfg = Debug|Any CPU
		{B86B5529-E4D4-44EF-B7BD-AADB50A103CD}.Debug|Any CPU.Build.0 = Debug|Any CPU
		{B86B5529-E4D4-44EF-B7BD-AADB50A103CD}.Release|Any CPU.ActiveCfg = Release|Any CPU
		{B86B5529-E4D4-44EF-B7BD-AADB50A103CD}.Release|Any CPU.Build.0 = Release|Any CPU
	EndGlobalSection
	GlobalSection(SolutionProperties) = preSolution
		HideSolutionNode = FALSE
	EndGlobalSection
	GlobalSection(ExtensibilityGlobals) = postSolution
		SolutionGuid = {2DF4FF82-0B4C-4A5E-8039-B1B36EBBAC21}
	EndGlobalSection
EndGlobal
