
Microsoft Visual Studio Solution File, Format Version 12.00
# Visual Studio Version 17
VisualStudioVersion = 17.9.34728.123
MinimumVisualStudioVersion = 10.0.40219.1
Project("{FAE04EC0-301F-11D3-BF4B-00C04F79EFBC}") = "Gun18_OOP_Ornek2", "Gun18_OOP_Ornek2\Gun18_OOP_Ornek2.csproj", "{2F36A6C1-FC91-4D14-A6DB-B72A32618B1A}"
EndProject
Global
	GlobalSection(SolutionConfigurationPlatforms) = preSolution
		Debug|Any CPU = Debug|Any CPU
		Release|Any CPU = Release|Any CPU
	EndGlobalSection
	GlobalSection(ProjectConfigurationPlatforms) = postSolution
		{2F36A6C1-FC91-4D14-A6DB-B72A32618B1A}.Debug|Any CPU.ActiveCfg = Debug|Any CPU
		{2F36A6C1-FC91-4D14-A6DB-B72A32618B1A}.Debug|Any CPU.Build.0 = Debug|Any CPU
		{2F36A6C1-FC91-4D14-A6DB-B72A32618B1A}.Release|Any CPU.ActiveCfg = Release|Any CPU
		{2F36A6C1-FC91-4D14-A6DB-B72A32618B1A}.Release|Any CPU.Build.0 = Release|Any CPU
	EndGlobalSection
	GlobalSection(SolutionProperties) = preSolution
		HideSolutionNode = FALSE
	EndGlobalSection
	GlobalSection(ExtensibilityGlobals) = postSolution
		SolutionGuid = {259D0787-46C5-4EE8-8EE9-D52EE5A71C63}
	EndGlobalSection
EndGlobal
