
Microsoft Visual Studio Solution File, Format Version 12.00
# Visual Studio Version 17
VisualStudioVersion = 17.9.34728.123
MinimumVisualStudioVersion = 10.0.40219.1
Project("{FAE04EC0-301F-11D3-BF4B-00C04F79EFBC}") = "Gun17_OOP_Package", "Gun17_OOP_Package\Gun17_OOP_Package.csproj", "{35BDEC1A-1A8D-4645-A610-2B4C4BC930E4}"
EndProject
Global
	GlobalSection(SolutionConfigurationPlatforms) = preSolution
		Debug|Any CPU = Debug|Any CPU
		Release|Any CPU = Release|Any CPU
	EndGlobalSection
	GlobalSection(ProjectConfigurationPlatforms) = postSolution
		{35BDEC1A-1A8D-4645-A610-2B4C4BC930E4}.Debug|Any CPU.ActiveCfg = Debug|Any CPU
		{35BDEC1A-1A8D-4645-A610-2B4C4BC930E4}.Debug|Any CPU.Build.0 = Debug|Any CPU
		{35BDEC1A-1A8D-4645-A610-2B4C4BC930E4}.Release|Any CPU.ActiveCfg = Release|Any CPU
		{35BDEC1A-1A8D-4645-A610-2B4C4BC930E4}.Release|Any CPU.Build.0 = Release|Any CPU
	EndGlobalSection
	GlobalSection(SolutionProperties) = preSolution
		HideSolutionNode = FALSE
	EndGlobalSection
	GlobalSection(ExtensibilityGlobals) = postSolution
		SolutionGuid = {95922D7E-9E61-42A7-B3EF-BD4A455A92F5}
	EndGlobalSection
EndGlobal
