
Microsoft Visual Studio Solution File, Format Version 12.00
# Visual Studio Version 17
VisualStudioVersion = 17.9.34728.123
MinimumVisualStudioVersion = 10.0.40219.1
Project("{FAE04EC0-301F-11D3-BF4B-00C04F79EFBC}") = "Gun29_MVC_Ornek", "Gun29_MVC_Ornek\Gun29_MVC_Ornek.csproj", "{605B2D71-3843-47D4-9921-38F16DD3DD71}"
EndProject
Global
	GlobalSection(SolutionConfigurationPlatforms) = preSolution
		Debug|Any CPU = Debug|Any CPU
		Release|Any CPU = Release|Any CPU
	EndGlobalSection
	GlobalSection(ProjectConfigurationPlatforms) = postSolution
		{605B2D71-3843-47D4-9921-38F16DD3DD71}.Debug|Any CPU.ActiveCfg = Debug|Any CPU
		{605B2D71-3843-47D4-9921-38F16DD3DD71}.Debug|Any CPU.Build.0 = Debug|Any CPU
		{605B2D71-3843-47D4-9921-38F16DD3DD71}.Release|Any CPU.ActiveCfg = Release|Any CPU
		{605B2D71-3843-47D4-9921-38F16DD3DD71}.Release|Any CPU.Build.0 = Release|Any CPU
	EndGlobalSection
	GlobalSection(SolutionProperties) = preSolution
		HideSolutionNode = FALSE
	EndGlobalSection
	GlobalSection(ExtensibilityGlobals) = postSolution
		SolutionGuid = {ED29C531-A60A-4154-B435-F5261289F039}
	EndGlobalSection
EndGlobal
