
Microsoft Visual Studio Solution File, Format Version 12.00
# Visual Studio Version 17
VisualStudioVersion = 17.9.34728.123
MinimumVisualStudioVersion = 10.0.40219.1
Project("{FAE04EC0-301F-11D3-BF4B-00C04F79EFBC}") = "Gun18_OOP_Ornek3", "Gun18_OOP_Ornek3\Gun18_OOP_Ornek3.csproj", "{DDF2AFF4-F30B-486C-8AEC-E48A90F7B913}"
EndProject
Global
	GlobalSection(SolutionConfigurationPlatforms) = preSolution
		Debug|Any CPU = Debug|Any CPU
		Release|Any CPU = Release|Any CPU
	EndGlobalSection
	GlobalSection(ProjectConfigurationPlatforms) = postSolution
		{DDF2AFF4-F30B-486C-8AEC-E48A90F7B913}.Debug|Any CPU.ActiveCfg = Debug|Any CPU
		{DDF2AFF4-F30B-486C-8AEC-E48A90F7B913}.Debug|Any CPU.Build.0 = Debug|Any CPU
		{DDF2AFF4-F30B-486C-8AEC-E48A90F7B913}.Release|Any CPU.ActiveCfg = Release|Any CPU
		{DDF2AFF4-F30B-486C-8AEC-E48A90F7B913}.Release|Any CPU.Build.0 = Release|Any CPU
	EndGlobalSection
	GlobalSection(SolutionProperties) = preSolution
		HideSolutionNode = FALSE
	EndGlobalSection
	GlobalSection(ExtensibilityGlobals) = postSolution
		SolutionGuid = {407DAD5F-C34A-4654-BD88-6FA0174DDBA6}
	EndGlobalSection
EndGlobal
